
Microsoft Visual Studio Solution File, Format Version 12.00
# Visual Studio Version 16
VisualStudioVersion = 16.0.30011.22
MinimumVisualStudioVersion = 10.0.40219.1
Project("{FAE04EC0-301F-11D3-BF4B-00C04F79EFBC}") = "CIT265_Truman_T_A3", "CIT265_Truman_T_A3\CIT265_Truman_T_A3.csproj", "{EE86B2DE-5779-4188-9C72-5CA82BE548A8}"
EndProject
Global
	GlobalSection(SolutionConfigurationPlatforms) = preSolution
		Debug|Any CPU = Debug|Any CPU
		Release|Any CPU = Release|Any CPU
	EndGlobalSection
	GlobalSection(ProjectConfigurationPlatforms) = postSolution
		{EE86B2DE-5779-4188-9C72-5CA82BE548A8}.Debug|Any CPU.ActiveCfg = Debug|Any CPU
		{EE86B2DE-5779-4188-9C72-5CA82BE548A8}.Debug|Any CPU.Build.0 = Debug|Any CPU
		{EE86B2DE-5779-4188-9C72-5CA82BE548A8}.Release|Any CPU.ActiveCfg = Release|Any CPU
		{EE86B2DE-5779-4188-9C72-5CA82BE548A8}.Release|Any CPU.Build.0 = Release|Any CPU
	EndGlobalSection
	GlobalSection(SolutionProperties) = preSolution
		HideSolutionNode = FALSE
	EndGlobalSection
	GlobalSection(ExtensibilityGlobals) = postSolution
		SolutionGuid = {22C066CC-760C-4E93-8AB4-07DE48B24CEF}
	EndGlobalSection
EndGlobal
